version = 1
revision = 1
requires-python = ">=3.11"

[[package]]
name = "log-tools"
version = "0.1.0"
source = { editable = "." }
dependencies = [
    { name = "plac" },
    { name = "python-json-logger" },
]

[package.metadata]
requires-dist = [
    { name = "plac", specifier = ">=1.4.5" },
    { name = "python-json-logger", specifier = ">=3.3.0" },
]

[[package]]
name = "plac"
version = "1.4.5"
source = { registry = "https://pypi.org/simple" }
sdist = { url = "https://files.pythonhosted.org/packages/23/09/26ef2d614cabdcc52a7f383d0dc7967bf46be3c9700898c594e37b710c3d/plac-1.4.5.tar.gz", hash = "sha256:5f05bf85235c017fcd76c73c8101d4ff8e96beb3dc58b9a37de49cac7de82d14", size = 38988 }
wheels = [
    { url = "https://files.pythonhosted.org/packages/15/36/38676114a0dbee137ec366daa86603d667a07e9a52667d5ebf5c580100ba/plac-1.4.5-py2.py3-none-any.whl", hash = "sha256:87187786b4e446688b1cf5112e18fed8a23ab3b316c25fe91266a10bd1736b16", size = 22468 },
]

[[package]]
name = "python-json-logger"
version = "3.3.0"
source = { registry = "https://pypi.org/simple" }
sdist = { url = "https://files.pythonhosted.org/packages/9e/de/d3144a0bceede957f961e975f3752760fbe390d57fbe194baf709d8f1f7b/python_json_logger-3.3.0.tar.gz", hash = "sha256:12b7e74b17775e7d565129296105bbe3910842d9d0eb083fc83a6a617aa8df84", size = 16642 }
wheels = [
    { url = "https://files.pythonhosted.org/packages/08/20/0f2523b9e50a8052bc6a8b732dfc8568abbdc42010aef03a2d750bdab3b2/python_json_logger-3.3.0-py3-none-any.whl", hash = "sha256:dd980fae8cffb24c13caf6e158d3d61c0d6d22342f932cb6e9deedab3d35eec7", size = 15163 },
]
