version = 1
revision = 1
requires-python = ">=3.11"

[[package]]
name = "core"
version = "0.1.0"
source = { editable = "." }
dependencies = [
    { name = "plac" },
]

[package.metadata]
requires-dist = [{ name = "plac", specifier = ">=1.4.5" }]

[[package]]
name = "plac"
version = "1.4.5"
source = { registry = "https://pypi.org/simple" }
sdist = { url = "https://files.pythonhosted.org/packages/23/09/26ef2d614cabdcc52a7f383d0dc7967bf46be3c9700898c594e37b710c3d/plac-1.4.5.tar.gz", hash = "sha256:5f05bf85235c017fcd76c73c8101d4ff8e96beb3dc58b9a37de49cac7de82d14", size = 38988 }
wheels = [
    { url = "https://files.pythonhosted.org/packages/15/36/38676114a0dbee137ec366daa86603d667a07e9a52667d5ebf5c580100ba/plac-1.4.5-py2.py3-none-any.whl", hash = "sha256:87187786b4e446688b1cf5112e18fed8a23ab3b316c25fe91266a10bd1736b16", size = 22468 },
]
